{
  "nodes": {
    "flake-utils": {
      "locked": {
        "lastModified": 1642700792,
        "narHash": "sha256-XqHrk7hFb+zBvRg6Ghl+AZDq03ov6OshJLiSWOoX5es=",
        "owner": "numtide",
        "repo": "flake-utils",
        "rev": "846b2ae0fc4cc943637d3d1def4454213e203cba",
        "type": "github"
      },
      "original": {
        "owner": "numtide",
        "repo": "flake-utils",
        "type": "github"
      }
    },
    "home-manager": {
      "inputs": {
        "nixpkgs": [
          "mk-darwin-system",
          "nixpkgs"
        ]
      },
      "locked": {
        "lastModified": 1643240026,
        "narHash": "sha256-aBx8Ot/XgO7dlRUdWbG57z7rW3+ak1ZNBt2A0aWtmqU=",
        "owner": "nix-community",
        "repo": "home-manager",
        "rev": "24ed6e6d4d8df7045b1fe38dedc3db179321eaa3",
        "type": "github"
      },
      "original": {
        "owner": "nix-community",
        "repo": "home-manager",
        "type": "github"
      }
    },
    "mk-darwin-system": {
      "inputs": {
        "flake-utils": "flake-utils",
        "home-manager": "home-manager",
        "nix-darwin": "nix-darwin",
        "nixpkgs": [
          "nixpkgs"
        ]
      },
      "locked": {
        "narHash": "sha256-PZ/qqbgD20NuNP5NkhYIiYJZJPbYlLKeIINQv79PNw4=",
        "path": "/Users/jamievandyke/a/git/fearoffish/mk-darwin-system",
        "type": "path"
      },
      "original": {
        "path": "/Users/jamievandyke/a/git/fearoffish/mk-darwin-system",
        "type": "path"
      }
    },
    "nix-darwin": {
      "inputs": {
        "nixpkgs": [
          "mk-darwin-system",
          "nixpkgs"
        ]
      },
      "locked": {
        "lastModified": 1642495030,
        "narHash": "sha256-u1ZlFbLWzkM6zOfuZ1tr0tzTuDWucOYwALPWDWLorkE=",
        "owner": "lnl7",
        "repo": "nix-darwin",
        "rev": "bcdb6022b3a300abf59cb5d0106c158940f5120e",
        "type": "github"
      },
      "original": {
        "owner": "lnl7",
        "repo": "nix-darwin",
        "type": "github"
      }
    },
    "nixpkgs": {
      "locked": {
        "lastModified": 1644793108,
        "narHash": "sha256-MN/ElRTuE7pWuf99Hr1pbAxA3ApDLYuK6hIsA5sagjc=",
        "owner": "nixos",
        "repo": "nixpkgs",
        "rev": "b61bf7a96aa6ddd3c425fa1db8c45acfdd82e36b",
        "type": "github"
      },
      "original": {
        "owner": "nixos",
        "ref": "nixpkgs-21.11-darwin",
        "repo": "nixpkgs",
        "type": "github"
      }
    },
    "nixpkgs-unstable": {
      "locked": {
        "lastModified": 1644972330,
        "narHash": "sha256-6V2JFpTUzB9G+KcqtUR1yl7f6rd9495YrFECslEmbGw=",
        "owner": "NixOS",
        "repo": "nixpkgs",
        "rev": "19574af0af3ffaf7c9e359744ed32556f34536bd",
        "type": "github"
      },
      "original": {
        "owner": "NixOS",
        "ref": "nixpkgs-unstable",
        "repo": "nixpkgs",
        "type": "github"
      }
    },
    "root": {
      "inputs": {
        "mk-darwin-system": "mk-darwin-system",
        "nixpkgs": "nixpkgs",
        "nixpkgs-unstable": "nixpkgs-unstable"
      }
    }
  },
  "root": "root",
  "version": 7
}
